<?xml version="1.0" encoding="utf-8"?>
<Project ToolsVersion="4.0" xmlns="http://schemas.microsoft.com/developer/msbuild/2003">
  <ItemGroup>
    <Filter Include="ソース ファイル">
      <UniqueIdentifier>{4FC737F1-C7A5-4376-A066-2A32D752A2FF}</UniqueIdentifier>
      <Extensions>cpp;c;cc;cxx;def;odl;idl;hpj;bat;asm;asmx</Extensions>
    </Filter>
    <Filter Include="リソース ファイル">
      <UniqueIdentifier>{67DA6AB6-F800-4c08-8B7A-83BB121AAD01}</UniqueIdentifier>
      <Extensions>rc;ico;cur;bmp;dlg;rc2;rct;bin;rgs;gif;jpg;jpeg;jpe;resx;tiff;tif;png;wav;mfcribbon-ms</Extensions>
    </Filter>
    <Filter Include="ソース ファイル\Engine">
      <UniqueIdentifier>{9ca0a6f5-7607-4b9e-af6a-3f8267675eb4}</UniqueIdentifier>
    </Filter>
    <Filter Include="ソース ファイル\Engine\character">
      <UniqueIdentifier>{9e957c60-5ce9-4b51-80fd-041467d28e9c}</UniqueIdentifier>
    </Filter>
    <Filter Include="ソース ファイル\Engine\gameObject">
      <UniqueIdentifier>{26bf9613-8407-457d-a1ea-aafd6f7d4641}</UniqueIdentifier>
    </Filter>
    <Filter Include="ソース ファイル\Engine\graphics">
      <UniqueIdentifier>{f01c437f-c725-46ab-8e0d-b7ec86648b53}</UniqueIdentifier>
    </Filter>
    <Filter Include="ソース ファイル\Engine\graphics\sprite">
      <UniqueIdentifier>{0a3906a6-a735-43d8-bfe5-e3c1d0c7208c}</UniqueIdentifier>
    </Filter>
    <Filter Include="ソース ファイル\Engine\graphics\animation">
      <UniqueIdentifier>{8ec7a21e-ca96-41f1-bc2b-e59c61108f68}</UniqueIdentifier>
    </Filter>
    <Filter Include="ソース ファイル\Engine\HID">
      <UniqueIdentifier>{409a5e0d-95b0-4779-ab11-0cf336c636dd}</UniqueIdentifier>
    </Filter>
    <Filter Include="ソース ファイル\Engine\level">
      <UniqueIdentifier>{c4f5651c-ea6c-461c-a3e9-045f31388b8f}</UniqueIdentifier>
    </Filter>
    <Filter Include="ソース ファイル\Engine\math">
      <UniqueIdentifier>{9f40258f-e323-44fd-a3bc-a35cb8cb790f}</UniqueIdentifier>
    </Filter>
    <Filter Include="ソース ファイル\Engine\window">
      <UniqueIdentifier>{2811536f-ec29-4459-bac5-ee59ab603484}</UniqueIdentifier>
    </Filter>
    <Filter Include="ソース ファイル\Engine\physics">
      <UniqueIdentifier>{1ccac4be-b676-4b11-9f9f-7b044c5f69ba}</UniqueIdentifier>
    </Filter>
    <Filter Include="ソース ファイル\Game">
      <UniqueIdentifier>{61a6f82e-73ec-4b69-ade6-6676728c32b8}</UniqueIdentifier>
    </Filter>
    <Filter Include="ソース ファイル\Engine\graphics\GPUBuffer">
      <UniqueIdentifier>{ff12ee8b-a048-407a-a932-2c62f7acd652}</UniqueIdentifier>
    </Filter>
    <Filter Include="ソース ファイル\Engine\sound">
      <UniqueIdentifier>{5cc7b7cc-a27c-4c6a-a8db-1b7cbf75402a}</UniqueIdentifier>
    </Filter>
    <Filter Include="ソース ファイル\Engine\graphics\Light">
      <UniqueIdentifier>{95c2c4ab-16ce-45c4-a3ce-af8c245c5b73}</UniqueIdentifier>
    </Filter>
    <Filter Include="ソース ファイル\Engine\graphics\effect">
      <UniqueIdentifier>{a25c91af-0993-4934-8472-26bd70577078}</UniqueIdentifier>
    </Filter>
    <Filter Include="ソース ファイル\Engine\util">
      <UniqueIdentifier>{a3dcc699-b078-4f96-9f74-c36c6bff7161}</UniqueIdentifier>
    </Filter>
    <Filter Include="ソース ファイル\Engine\graphics\Font">
      <UniqueIdentifier>{1bfadabf-f4f1-4668-921e-6a06ef9912c8}</UniqueIdentifier>
    </Filter>
    <Filter Include="ソース ファイル\Game\Assets">
      <UniqueIdentifier>{095baad6-e590-4e7d-acaa-0cb9a3cbc92d}</UniqueIdentifier>
    </Filter>
    <Filter Include="ソース ファイル\Game\Assets\sprite">
      <UniqueIdentifier>{c748d000-c927-4210-b1cc-6b235fd1792f}</UniqueIdentifier>
    </Filter>
    <Filter Include="ソース ファイル\Game\Assets\modelData">
      <UniqueIdentifier>{768c9265-731d-4ad8-8239-c74483875076}</UniqueIdentifier>
    </Filter>
    <Filter Include="ソース ファイル\Game\Assets\texture">
      <UniqueIdentifier>{ff6ad720-0aef-4baf-88a9-c428acafd9e2}</UniqueIdentifier>
    </Filter>
    <Filter Include="ソース ファイル\Game\Assets\sound">
      <UniqueIdentifier>{c4762449-3258-4eff-87dc-0b1ac2f581ab}</UniqueIdentifier>
    </Filter>
    <Filter Include="ソース ファイル\Game\Assets\effect">
      <UniqueIdentifier>{92706c44-6105-4a7e-9b96-11714346819f}</UniqueIdentifier>
    </Filter>
    <Filter Include="ソース ファイル\Engine\graphics\2D">
      <UniqueIdentifier>{59ee64ef-89d5-42ab-a58b-ff00fc1859a7}</UniqueIdentifier>
    </Filter>
  </ItemGroup>
  <ItemGroup>
    <ClCompile Include="Engine\character\CharacterController.cpp">
      <Filter>ソース ファイル\Engine\character</Filter>
    </ClCompile>
    <ClCompile Include="Engine\gameObject\GameObject.cpp">
      <Filter>ソース ファイル\Engine\gameObject</Filter>
    </ClCompile>
    <ClCompile Include="Engine\gameObject\GameObjectManager.cpp">
      <Filter>ソース ファイル\Engine\gameObject</Filter>
    </ClCompile>
    <ClCompile Include="Engine\gameObject\CTransform.cpp">
      <Filter>ソース ファイル\Engine\gameObject</Filter>
    </ClCompile>
    <ClCompile Include="Engine\FPSCounter.cpp">
      <Filter>ソース ファイル\Engine</Filter>
    </ClCompile>
    <ClCompile Include="Engine\PreCompile.cpp">
      <Filter>ソース ファイル\Engine</Filter>
    </ClCompile>
    <ClCompile Include="Engine\Engine.cpp">
      <Filter>ソース ファイル\Engine</Filter>
    </ClCompile>
    <ClCompile Include="Engine\EngineStruct.cpp">
      <Filter>ソース ファイル\Engine</Filter>
    </ClCompile>
    <ClCompile Include="Engine\window\Window.cpp">
      <Filter>ソース ファイル\Engine\window</Filter>
    </ClCompile>
    <ClCompile Include="Engine\sound\SoundEngine.cpp">
      <Filter>ソース ファイル\Engine\sound</Filter>
    </ClCompile>
    <ClCompile Include="Engine\physics\CSphereCollider.cpp">
      <Filter>ソース ファイル\Engine\physics</Filter>
    </ClCompile>
    <ClCompile Include="Engine\physics\MeshCollider.cpp">
      <Filter>ソース ファイル\Engine\physics</Filter>
    </ClCompile>
    <ClCompile Include="Engine\physics\Physics.cpp">
      <Filter>ソース ファイル\Engine\physics</Filter>
    </ClCompile>
    <ClCompile Include="Engine\physics\PhysicsStaticObject.cpp">
      <Filter>ソース ファイル\Engine\physics</Filter>
    </ClCompile>
    <ClCompile Include="Engine\physics\RigitBody.cpp">
      <Filter>ソース ファイル\Engine\physics</Filter>
    </ClCompile>
    <ClCompile Include="Engine\physics\CapsuleCollider.cpp">
      <Filter>ソース ファイル\Engine\physics</Filter>
    </ClCompile>
    <ClCompile Include="Engine\math\Vector.cpp">
      <Filter>ソース ファイル\Engine\math</Filter>
    </ClCompile>
    <ClCompile Include="Engine\math\kMath.cpp">
      <Filter>ソース ファイル\Engine\math</Filter>
    </ClCompile>
    <ClCompile Include="Engine\math\Matrix.cpp">
      <Filter>ソース ファイル\Engine\math</Filter>
    </ClCompile>
    <ClCompile Include="Engine\level\MapChip.cpp">
      <Filter>ソース ファイル\Engine\level</Filter>
    </ClCompile>
    <ClCompile Include="Engine\level\Level.cpp">
      <Filter>ソース ファイル\Engine\level</Filter>
    </ClCompile>
    <ClCompile Include="Engine\HID\Pad.cpp">
      <Filter>ソース ファイル\Engine\HID</Filter>
    </ClCompile>
    <ClCompile Include="Engine\graphics\animation\AnimationPlayController.cpp">
      <Filter>ソース ファイル\Engine\graphics\animation</Filter>
    </ClCompile>
    <ClCompile Include="Engine\graphics\animation\Animation.cpp">
      <Filter>ソース ファイル\Engine\graphics\animation</Filter>
    </ClCompile>
    <ClCompile Include="Engine\graphics\animation\AnimationClip.cpp">
      <Filter>ソース ファイル\Engine\graphics\animation</Filter>
    </ClCompile>
    <ClCompile Include="Engine\graphics\Effect\CEffectEngine.cpp">
      <Filter>ソース ファイル\Engine\graphics\effect</Filter>
    </ClCompile>
    <ClCompile Include="Engine\graphics\Effect\CEffect.cpp">
      <Filter>ソース ファイル\Engine\graphics\effect</Filter>
    </ClCompile>
    <ClCompile Include="Engine\graphics\GPUBuffer\CGPUBuffer.cpp">
      <Filter>ソース ファイル\Engine\graphics\GPUBuffer</Filter>
    </ClCompile>
    <ClCompile Include="Engine\graphics\Sprite\Sprite.cpp">
      <Filter>ソース ファイル\Engine\graphics\sprite</Filter>
    </ClCompile>
    <ClCompile Include="Engine\graphics\Sprite\Effect.cpp">
      <Filter>ソース ファイル\Engine\graphics\sprite</Filter>
    </ClCompile>
    <ClCompile Include="Engine\graphics\Sprite\SpBuffer.cpp">
      <Filter>ソース ファイル\Engine\graphics\sprite</Filter>
    </ClCompile>
    <ClCompile Include="Engine\graphics\font\CFONT.cpp">
      <Filter>ソース ファイル\Engine\graphics\Font</Filter>
    </ClCompile>
    <ClCompile Include="Engine\graphics\CConstantBuffer.cpp">
      <Filter>ソース ファイル\Engine\graphics</Filter>
    </ClCompile>
    <ClCompile Include="Engine\graphics\CIndexBuffer.cpp">
      <Filter>ソース ファイル\Engine\graphics</Filter>
    </ClCompile>
    <ClCompile Include="Engine\graphics\CPrimitive.cpp">
      <Filter>ソース ファイル\Engine\graphics</Filter>
    </ClCompile>
    <ClCompile Include="Engine\graphics\CRenderContext.cpp">
      <Filter>ソース ファイル\Engine\graphics</Filter>
    </ClCompile>
    <ClCompile Include="Engine\graphics\CSamplerState.cpp">
      <Filter>ソース ファイル\Engine\graphics</Filter>
    </ClCompile>
    <ClCompile Include="Engine\graphics\CShader.cpp">
      <Filter>ソース ファイル\Engine\graphics</Filter>
    </ClCompile>
    <ClCompile Include="Engine\graphics\CShaderResource.cpp">
      <Filter>ソース ファイル\Engine\graphics</Filter>
    </ClCompile>
    <ClCompile Include="Engine\graphics\CUnorderedAccessView.cpp">
      <Filter>ソース ファイル\Engine\graphics</Filter>
    </ClCompile>
    <ClCompile Include="Engine\graphics\CUtil.cpp">
      <Filter>ソース ファイル\Engine\graphics</Filter>
    </ClCompile>
    <ClCompile Include="Engine\graphics\CVertexBuffer.cpp">
      <Filter>ソース ファイル\Engine\graphics</Filter>
    </ClCompile>
    <ClCompile Include="Engine\graphics\GraphicsEngine.cpp">
      <Filter>ソース ファイル\Engine\graphics</Filter>
    </ClCompile>
    <ClCompile Include="Engine\graphics\RenderTarget.cpp">
      <Filter>ソース ファイル\Engine\graphics</Filter>
    </ClCompile>
    <ClCompile Include="Engine\graphics\Shader.cpp">
      <Filter>ソース ファイル\Engine\graphics</Filter>
    </ClCompile>
    <ClCompile Include="Engine\graphics\ShaderResouceView.cpp">
      <Filter>ソース ファイル\Engine\graphics</Filter>
    </ClCompile>
    <ClCompile Include="Engine\graphics\ShaderResources.cpp">
      <Filter>ソース ファイル\Engine\graphics</Filter>
    </ClCompile>
    <ClCompile Include="Engine\graphics\Skelton.cpp">
      <Filter>ソース ファイル\Engine\graphics</Filter>
    </ClCompile>
    <ClCompile Include="Engine\graphics\SkinModel.cpp">
      <Filter>ソース ファイル\Engine\graphics</Filter>
    </ClCompile>
    <ClCompile Include="Engine\graphics\SkinModelDataManager.cpp">
      <Filter>ソース ファイル\Engine\graphics</Filter>
    </ClCompile>
    <ClCompile Include="Engine\graphics\SkinModelEffect.cpp">
      <Filter>ソース ファイル\Engine\graphics</Filter>
    </ClCompile>
    <ClCompile Include="Engine\graphics\SkinModelRender.cpp">
      <Filter>ソース ファイル\Engine\graphics</Filter>
    </ClCompile>
    <ClCompile Include="Engine\graphics\SkinModelShaderConst.cpp">
      <Filter>ソース ファイル\Engine\graphics</Filter>
    </ClCompile>
    <ClCompile Include="Engine\graphics\SpringCamera.cpp">
      <Filter>ソース ファイル\Engine\graphics</Filter>
    </ClCompile>
    <ClCompile Include="Engine\graphics\StructedBuffer.cpp">
      <Filter>ソース ファイル\Engine\graphics</Filter>
    </ClCompile>
    <ClCompile Include="Engine\graphics\TScopedResource.cpp">
      <Filter>ソース ファイル\Engine\graphics</Filter>
    </ClCompile>
    <ClCompile Include="Engine\graphics\Camera.cpp">
      <Filter>ソース ファイル\Engine\graphics</Filter>
    </ClCompile>
    <ClCompile Include="Engine\graphics\CCameraCollisionSlover.cpp">
      <Filter>ソース ファイル\Engine\graphics</Filter>
    </ClCompile>
    <ClCompile Include="GameCamera.cpp">
      <Filter>ソース ファイル\Game</Filter>
    </ClCompile>
    <ClCompile Include="main.cpp">
      <Filter>ソース ファイル\Game</Filter>
    </ClCompile>
    <ClCompile Include="stdafx.cpp">
      <Filter>ソース ファイル\Game</Filter>
    </ClCompile>
    <ClCompile Include="Game.cpp">
      <Filter>ソース ファイル\Game</Filter>
    </ClCompile>
    <ClCompile Include="Engine\graphics\SpriteRender.cpp">
      <Filter>ソース ファイル\Engine\graphics\2D</Filter>
    </ClCompile>
  </ItemGroup>
  <ItemGroup>
    <ClInclude Include="Engine\character\CharacterController.h">
      <Filter>ソース ファイル\Engine\character</Filter>
    </ClInclude>
    <ClInclude Include="Engine\gameObject\GameObject.h">
      <Filter>ソース ファイル\Engine\gameObject</Filter>
    </ClInclude>
    <ClInclude Include="Engine\gameObject\GameObjectManager.h">
      <Filter>ソース ファイル\Engine\gameObject</Filter>
    </ClInclude>
    <ClInclude Include="Engine\gameObject\CTransform.h">
      <Filter>ソース ファイル\Engine\gameObject</Filter>
    </ClInclude>
    <ClInclude Include="Engine\FPSCounter.h">
      <Filter>ソース ファイル\Engine</Filter>
    </ClInclude>
    <ClInclude Include="Engine\PreCompile.h">
      <Filter>ソース ファイル\Engine</Filter>
    </ClInclude>
    <ClInclude Include="Engine\Engine.h">
      <Filter>ソース ファイル\Engine</Filter>
    </ClInclude>
    <ClInclude Include="Engine\EngineStruct.h">
      <Filter>ソース ファイル\Engine</Filter>
    </ClInclude>
    <ClInclude Include="Engine\window\Window.h">
      <Filter>ソース ファイル\Engine\window</Filter>
    </ClInclude>
    <ClInclude Include="Engine\sound\SoundEngine.h">
      <Filter>ソース ファイル\Engine\sound</Filter>
    </ClInclude>
    <ClInclude Include="Engine\util\Util.h">
      <Filter>ソース ファイル\Engine\util</Filter>
    </ClInclude>
    <ClInclude Include="Engine\physics\CSphereCollider.h">
      <Filter>ソース ファイル\Engine\physics</Filter>
    </ClInclude>
    <ClInclude Include="Engine\physics\ICollider.h">
      <Filter>ソース ファイル\Engine\physics</Filter>
    </ClInclude>
    <ClInclude Include="Engine\physics\MeshCollider.h">
      <Filter>ソース ファイル\Engine\physics</Filter>
    </ClInclude>
    <ClInclude Include="Engine\physics\Physics.h">
      <Filter>ソース ファイル\Engine\physics</Filter>
    </ClInclude>
    <ClInclude Include="Engine\physics\PhysicsStaticObject.h">
      <Filter>ソース ファイル\Engine\physics</Filter>
    </ClInclude>
    <ClInclude Include="Engine\physics\RigitBody.h">
      <Filter>ソース ファイル\Engine\physics</Filter>
    </ClInclude>
    <ClInclude Include="Engine\physics\CapsuleCollider.h">
      <Filter>ソース ファイル\Engine\physics</Filter>
    </ClInclude>
    <ClInclude Include="Engine\physics\CollisionAttr.h">
      <Filter>ソース ファイル\Engine\physics</Filter>
    </ClInclude>
    <ClInclude Include="Engine\math\Matrix.h">
      <Filter>ソース ファイル\Engine\math</Filter>
    </ClInclude>
    <ClInclude Include="Engine\math\Vector.h">
      <Filter>ソース ファイル\Engine\math</Filter>
    </ClInclude>
    <ClInclude Include="Engine\math\kMath.h">
      <Filter>ソース ファイル\Engine\math</Filter>
    </ClInclude>
    <ClInclude Include="Engine\level\MapChip.h">
      <Filter>ソース ファイル\Engine\level</Filter>
    </ClInclude>
    <ClInclude Include="Engine\level\Level.h">
      <Filter>ソース ファイル\Engine\level</Filter>
    </ClInclude>
    <ClInclude Include="Engine\HID\Pad.h">
      <Filter>ソース ファイル\Engine\HID</Filter>
    </ClInclude>
    <ClInclude Include="Engine\graphics\animation\AnimationClip.h">
      <Filter>ソース ファイル\Engine\graphics\animation</Filter>
    </ClInclude>
    <ClInclude Include="Engine\graphics\animation\AnimationPlayController.h">
      <Filter>ソース ファイル\Engine\graphics\animation</Filter>
    </ClInclude>
    <ClInclude Include="Engine\graphics\animation\Animation.h">
      <Filter>ソース ファイル\Engine\graphics\animation</Filter>
    </ClInclude>
    <ClInclude Include="Engine\graphics\Effect\CEffectEngine.h">
      <Filter>ソース ファイル\Engine\graphics\effect</Filter>
    </ClInclude>
    <ClInclude Include="Engine\graphics\Effect\CEffect.h">
      <Filter>ソース ファイル\Engine\graphics\effect</Filter>
    </ClInclude>
    <ClInclude Include="Engine\graphics\GPUBuffer\CGPUBuffer.h">
      <Filter>ソース ファイル\Engine\graphics\GPUBuffer</Filter>
    </ClInclude>
    <ClInclude Include="Engine\graphics\Sprite\SpBuffer.h">
      <Filter>ソース ファイル\Engine\graphics\sprite</Filter>
    </ClInclude>
    <ClInclude Include="Engine\graphics\Sprite\Sprite.h">
      <Filter>ソース ファイル\Engine\graphics\sprite</Filter>
    </ClInclude>
    <ClInclude Include="Engine\graphics\Sprite\Effect.h">
      <Filter>ソース ファイル\Engine\graphics\sprite</Filter>
    </ClInclude>
    <ClInclude Include="Engine\graphics\font\CFONT.h">
      <Filter>ソース ファイル\Engine\graphics\Font</Filter>
    </ClInclude>
    <ClInclude Include="Engine\graphics\CCameraCollisionSlover.h">
      <Filter>ソース ファイル\Engine\graphics</Filter>
    </ClInclude>
    <ClInclude Include="Engine\graphics\CConstantBuffer.h">
      <Filter>ソース ファイル\Engine\graphics</Filter>
    </ClInclude>
    <ClInclude Include="Engine\graphics\CIndexBuffer.h">
      <Filter>ソース ファイル\Engine\graphics</Filter>
    </ClInclude>
    <ClInclude Include="Engine\graphics\CPrimitive.h">
      <Filter>ソース ファイル\Engine\graphics</Filter>
    </ClInclude>
    <ClInclude Include="Engine\graphics\CRenderContext.h">
      <Filter>ソース ファイル\Engine\graphics</Filter>
    </ClInclude>
    <ClInclude Include="Engine\graphics\CSamplerState.h">
      <Filter>ソース ファイル\Engine\graphics</Filter>
    </ClInclude>
    <ClInclude Include="Engine\graphics\CShader.h">
      <Filter>ソース ファイル\Engine\graphics</Filter>
    </ClInclude>
    <ClInclude Include="Engine\graphics\CShaderResource.h">
      <Filter>ソース ファイル\Engine\graphics</Filter>
    </ClInclude>
    <ClInclude Include="Engine\graphics\CUnorderedAccessView.h">
      <Filter>ソース ファイル\Engine\graphics</Filter>
    </ClInclude>
    <ClInclude Include="Engine\graphics\CUtil.h">
      <Filter>ソース ファイル\Engine\graphics</Filter>
    </ClInclude>
    <ClInclude Include="Engine\graphics\CVertexBuffer.h">
      <Filter>ソース ファイル\Engine\graphics</Filter>
    </ClInclude>
    <ClInclude Include="Engine\graphics\GraphicsEngine.h">
      <Filter>ソース ファイル\Engine\graphics</Filter>
    </ClInclude>
    <ClInclude Include="Engine\graphics\Noncopyable.h">
      <Filter>ソース ファイル\Engine\graphics</Filter>
    </ClInclude>
    <ClInclude Include="Engine\graphics\RenderTarget.h">
      <Filter>ソース ファイル\Engine\graphics</Filter>
    </ClInclude>
    <ClInclude Include="Engine\graphics\Shader.h">
      <Filter>ソース ファイル\Engine\graphics</Filter>
    </ClInclude>
    <ClInclude Include="Engine\graphics\ShaderResouceView.h">
      <Filter>ソース ファイル\Engine\graphics</Filter>
    </ClInclude>
    <ClInclude Include="Engine\graphics\ShaderResources.h">
      <Filter>ソース ファイル\Engine\graphics</Filter>
    </ClInclude>
    <ClInclude Include="Engine\graphics\Skelton.h">
      <Filter>ソース ファイル\Engine\graphics</Filter>
    </ClInclude>
    <ClInclude Include="Engine\graphics\SkinModel.h">
      <Filter>ソース ファイル\Engine\graphics</Filter>
    </ClInclude>
    <ClInclude Include="Engine\graphics\SkinModelDataManager.h">
      <Filter>ソース ファイル\Engine\graphics</Filter>
    </ClInclude>
    <ClInclude Include="Engine\graphics\SkinModelEffect.h">
      <Filter>ソース ファイル\Engine\graphics</Filter>
    </ClInclude>
    <ClInclude Include="Engine\graphics\SkinModelRender.h">
      <Filter>ソース ファイル\Engine\graphics</Filter>
    </ClInclude>
    <ClInclude Include="Engine\graphics\SkinModelShaderConst.h">
      <Filter>ソース ファイル\Engine\graphics</Filter>
    </ClInclude>
    <ClInclude Include="Engine\graphics\SpringCamera.h">
      <Filter>ソース ファイル\Engine\graphics</Filter>
    </ClInclude>
    <ClInclude Include="Engine\graphics\StructedBuffer.h">
      <Filter>ソース ファイル\Engine\graphics</Filter>
    </ClInclude>
    <ClInclude Include="Engine\graphics\TScopedResource.h">
      <Filter>ソース ファイル\Engine\graphics</Filter>
    </ClInclude>
    <ClInclude Include="Engine\graphics\Camera.h">
      <Filter>ソース ファイル\Engine\graphics</Filter>
    </ClInclude>
    <ClInclude Include="Game.h">
      <Filter>ソース ファイル\Game</Filter>
    </ClInclude>
    <ClInclude Include="GameCamera.h">
      <Filter>ソース ファイル\Game</Filter>
    </ClInclude>
    <ClInclude Include="stdafx.h">
      <Filter>ソース ファイル\Game</Filter>
    </ClInclude>
    <ClInclude Include="Engine\graphics\SpriteRender.h">
      <Filter>ソース ファイル\Engine\graphics\2D</Filter>
    </ClInclude>
  </ItemGroup>
  <ItemGroup>
    <MeshContentTask Include="Assets\modelData\Test.FBX">
      <Filter>ソース ファイル\Game\Assets\modelData</Filter>
    </MeshContentTask>
  </ItemGroup>
  <ItemGroup>
    <Image Include="Assets\modelData\boxTex.png">
      <Filter>ソース ファイル\Game\Assets\modelData</Filter>
    </Image>
  </ItemGroup>
  <ItemGroup>
    <ImageContentTask Include="Assets\Sprite\Test.png">
      <Filter>ソース ファイル\Game\Assets\sprite</Filter>
    </ImageContentTask>
  </ItemGroup>
</Project>